# THIS IS AN AUTOGENERATED FILE. DO NOT EDIT THIS FILE DIRECTLY.
# yarn lockfile v1


dotenv@^16.3.2:
  version "16.3.2"
  resolved "https://registry.yarnpkg.com/dotenv/-/dotenv-16.3.2.tgz#3cb611ce5a63002dbabf7c281bc331f69d28f03f"
  integrity sha512-HTlk5nmhkm8F6JcdXvHIzaorzCoziNQT9mGxLPVXW8wJF1TiGSL60ZGB4gHWabHOaMmWmhvk2/lPHfnBiT78AQ==
